PODS:
  - AliPlayerSDK_iOS (5.1.2):
    - AliPlayerSDK_iOS/AliPlayerSDK (= 5.1.2)
  - AliPlayerSDK_iOS/AliPlayerSDK (5.1.2)
  - AliyunOSSiOS (2.10.8)
  - AliyunVideoSDKStd (3.16.0)
  - VODUpload (1.6.0):
    - AliyunOSSiOS

DEPENDENCIES:
  - AliPlayerSDK_iOS
  - AliyunOSSiOS
  - AliyunVideoSDKStd (= 3.16.0)
  - VODUpload

SPEC REPOS:
  https://github.com/cocoapods/specs.git:
    - AliPlayerSDK_iOS
    - AliyunOSSiOS
    - AliyunVideoSDKStd
    - VODUpload

SPEC CHECKSUMS:
  AliPlayerSDK_iOS: 535b2c8525e6ec5fb9bcb4d5fd75eda9e3ec0763
  AliyunOSSiOS: 8db92936545593b9e5c66d680ef2ac0738946651
  AliyunVideoSDKStd: 22817c36d526e4ff426653db7811a1b6102ef082
  VODUpload: 187c8b305ddc21661000377989fe9b1dfbc4ac3d

PODFILE CHECKSUM: dc3b93c9c0e7fc6c27caa0207d9e44657b53506d

COCOAPODS: 1.7.5
