// !$*UTF8*$!
{
	archiveVersion = 1;
	classes = {
	};
	objectVersion = 51;
	objects = {

/* Begin PBXBuildFile section */
		2C0398ED246AA4A200D82383 /* AppDelegate.m in Sources */ = {isa = PBXBuildFile; fileRef = 2C0398EC246AA4A200D82383 /* AppDelegate.m */; };
		2C0398F0246AA4A200D82383 /* SceneDelegate.m in Sources */ = {isa = PBXBuildFile; fileRef = 2C0398EF246AA4A200D82383 /* SceneDelegate.m */; };
		2C0398F3246AA4A200D82383 /* ViewController.m in Sources */ = {isa = PBXBuildFile; fileRef = 2C0398F2246AA4A200D82383 /* ViewController.m */; };
		2C0398F6246AA4A200D82383 /* Main.storyboard in Resources */ = {isa = PBXBuildFile; fileRef = 2C0398F4246AA4A200D82383 /* Main.storyboard */; };
		2C0398F8246AA4A400D82383 /* Assets.xcassets in Resources */ = {isa = PBXBuildFile; fileRef = 2C0398F7246AA4A400D82383 /* Assets.xcassets */; };
		2C0398FB246AA4A400D82383 /* LaunchScreen.storyboard in Resources */ = {isa = PBXBuildFile; fileRef = 2C0398F9246AA4A400D82383 /* LaunchScreen.storyboard */; };
		2C0398FE246AA4A400D82383 /* main.m in Sources */ = {isa = PBXBuildFile; fileRef = 2C0398FD246AA4A400D82383 /* main.m */; };
		2C039908246AA4A400D82383 /* QuPaiTestTests.m in Sources */ = {isa = PBXBuildFile; fileRef = 2C039907246AA4A400D82383 /* QuPaiTestTests.m */; };
		2C039913246AA4A400D82383 /* QuPaiTestUITests.m in Sources */ = {isa = PBXBuildFile; fileRef = 2C039912246AA4A400D82383 /* QuPaiTestUITests.m */; };
		B19D8E2D5379518FDC0E617B /* Pods_QuPaiTest.framework in Frameworks */ = {isa = PBXBuildFile; fileRef = 69F4341CF2AD620B5F1B03DD /* Pods_QuPaiTest.framework */; };
/* End PBXBuildFile section */

/* Begin PBXContainerItemProxy section */
		2C039904246AA4A400D82383 /* PBXContainerItemProxy */ = {
			isa = PBXContainerItemProxy;
			containerPortal = 2C0398E0246AA4A100D82383 /* Project object */;
			proxyType = 1;
			remoteGlobalIDString = 2C0398E7246AA4A100D82383;
			remoteInfo = QuPaiTest;
		};
		2C03990F246AA4A400D82383 /* PBXContainerItemProxy */ = {
			isa = PBXContainerItemProxy;
			containerPortal = 2C0398E0246AA4A100D82383 /* Project object */;
			proxyType = 1;
			remoteGlobalIDString = 2C0398E7246AA4A100D82383;
			remoteInfo = QuPaiTest;
		};
/* End PBXContainerItemProxy section */

/* Begin PBXFileReference section */
		1C44E59C02C12BC2176B1142 /* Pods-QuPaiTest.release.xcconfig */ = {isa = PBXFileReference; includeInIndex = 1; lastKnownFileType = text.xcconfig; name = "Pods-QuPaiTest.release.xcconfig"; path = "Target Support Files/Pods-QuPaiTest/Pods-QuPaiTest.release.xcconfig"; sourceTree = "<group>"; };
		2C0398E8246AA4A200D82383 /* QuPaiTest.app */ = {isa = PBXFileReference; explicitFileType = wrapper.application; includeInIndex = 0; path = QuPaiTest.app; sourceTree = BUILT_PRODUCTS_DIR; };
		2C0398EB246AA4A200D82383 /* AppDelegate.h */ = {isa = PBXFileReference; lastKnownFileType = sourcecode.c.h; path = AppDelegate.h; sourceTree = "<group>"; };
		2C0398EC246AA4A200D82383 /* AppDelegate.m */ = {isa = PBXFileReference; lastKnownFileType = sourcecode.c.objc; path = AppDelegate.m; sourceTree = "<group>"; };
		2C0398EE246AA4A200D82383 /* SceneDelegate.h */ = {isa = PBXFileReference; lastKnownFileType = sourcecode.c.h; path = SceneDelegate.h; sourceTree = "<group>"; };
		2C0398EF246AA4A200D82383 /* SceneDelegate.m */ = {isa = PBXFileReference; lastKnownFileType = sourcecode.c.objc; path = SceneDelegate.m; sourceTree = "<group>"; };
		2C0398F1246AA4A200D82383 /* ViewController.h */ = {isa = PBXFileReference; lastKnownFileType = sourcecode.c.h; path = ViewController.h; sourceTree = "<group>"; };
		2C0398F2246AA4A200D82383 /* ViewController.m */ = {isa = PBXFileReference; lastKnownFileType = sourcecode.c.objc; path = ViewController.m; sourceTree = "<group>"; };
		2C0398F5246AA4A200D82383 /* Base */ = {isa = PBXFileReference; lastKnownFileType = file.storyboard; name = Base; path = Base.lproj/Main.storyboard; sourceTree = "<group>"; };
		2C0398F7246AA4A400D82383 /* Assets.xcassets */ = {isa = PBXFileReference; lastKnownFileType = folder.assetcatalog; path = Assets.xcassets; sourceTree = "<group>"; };
		2C0398FA246AA4A400D82383 /* Base */ = {isa = PBXFileReference; lastKnownFileType = file.storyboard; name = Base; path = Base.lproj/LaunchScreen.storyboard; sourceTree = "<group>"; };
		2C0398FC246AA4A400D82383 /* Info.plist */ = {isa = PBXFileReference; lastKnownFileType = text.plist.xml; path = Info.plist; sourceTree = "<group>"; };
		2C0398FD246AA4A400D82383 /* main.m */ = {isa = PBXFileReference; lastKnownFileType = sourcecode.c.objc; path = main.m; sourceTree = "<group>"; };
		2C039903246AA4A400D82383 /* QuPaiTestTests.xctest */ = {isa = PBXFileReference; explicitFileType = wrapper.cfbundle; includeInIndex = 0; path = QuPaiTestTests.xctest; sourceTree = BUILT_PRODUCTS_DIR; };
		2C039907246AA4A400D82383 /* QuPaiTestTests.m */ = {isa = PBXFileReference; lastKnownFileType = sourcecode.c.objc; path = QuPaiTestTests.m; sourceTree = "<group>"; };
		2C039909246AA4A400D82383 /* Info.plist */ = {isa = PBXFileReference; lastKnownFileType = text.plist.xml; path = Info.plist; sourceTree = "<group>"; };
		2C03990E246AA4A400D82383 /* QuPaiTestUITests.xctest */ = {isa = PBXFileReference; explicitFileType = wrapper.cfbundle; includeInIndex = 0; path = QuPaiTestUITests.xctest; sourceTree = BUILT_PRODUCTS_DIR; };
		2C039912246AA4A400D82383 /* QuPaiTestUITests.m */ = {isa = PBXFileReference; lastKnownFileType = sourcecode.c.objc; path = QuPaiTestUITests.m; sourceTree = "<group>"; };
		2C039914246AA4A400D82383 /* Info.plist */ = {isa = PBXFileReference; lastKnownFileType = text.plist.xml; path = Info.plist; sourceTree = "<group>"; };
		47AEE2DEA0DDC5660E2A32C3 /* Pods-QuPaiTest.debug.xcconfig */ = {isa = PBXFileReference; includeInIndex = 1; lastKnownFileType = text.xcconfig; name = "Pods-QuPaiTest.debug.xcconfig"; path = "Target Support Files/Pods-QuPaiTest/Pods-QuPaiTest.debug.xcconfig"; sourceTree = "<group>"; };
		69F4341CF2AD620B5F1B03DD /* Pods_QuPaiTest.framework */ = {isa = PBXFileReference; explicitFileType = wrapper.framework; includeInIndex = 0; path = Pods_QuPaiTest.framework; sourceTree = BUILT_PRODUCTS_DIR; };
/* End PBXFileReference section */

/* Begin PBXFrameworksBuildPhase section */
		2C0398E5246AA4A100D82383 /* Frameworks */ = {
			isa = PBXFrameworksBuildPhase;
			buildActionMask = 2147483647;
			files = (
				B19D8E2D5379518FDC0E617B /* Pods_QuPaiTest.framework in Frameworks */,
			);
			runOnlyForDeploymentPostprocessing = 0;
		};
		2C039900246AA4A400D82383 /* Frameworks */ = {
			isa = PBXFrameworksBuildPhase;
			buildActionMask = 2147483647;
			files = (
			);
			runOnlyForDeploymentPostprocessing = 0;
		};
		2C03990B246AA4A400D82383 /* Frameworks */ = {
			isa = PBXFrameworksBuildPhase;
			buildActionMask = 2147483647;
			files = (
			);
			runOnlyForDeploymentPostprocessing = 0;
		};
/* End PBXFrameworksBuildPhase section */

/* Begin PBXGroup section */
		2C0398DF246AA4A100D82383 = {
			isa = PBXGroup;
			children = (
				2C0398EA246AA4A200D82383 /* QuPaiTest */,
				2C039906246AA4A400D82383 /* QuPaiTestTests */,
				2C039911246AA4A400D82383 /* QuPaiTestUITests */,
				2C0398E9246AA4A200D82383 /* Products */,
				392A6A8D961047C562F1F8A1 /* Pods */,
				C217CDF75138BD907517346B /* Frameworks */,
			);
			sourceTree = "<group>";
		};
		2C0398E9246AA4A200D82383 /* Products */ = {
			isa = PBXGroup;
			children = (
				2C0398E8246AA4A200D82383 /* QuPaiTest.app */,
				2C039903246AA4A400D82383 /* QuPaiTestTests.xctest */,
				2C03990E246AA4A400D82383 /* QuPaiTestUITests.xctest */,
			);
			name = Products;
			sourceTree = "<group>";
		};
		2C0398EA246AA4A200D82383 /* QuPaiTest */ = {
			isa = PBXGroup;
			children = (
				2C0398EB246AA4A200D82383 /* AppDelegate.h */,
				2C0398EC246AA4A200D82383 /* AppDelegate.m */,
				2C0398EE246AA4A200D82383 /* SceneDelegate.h */,
				2C0398EF246AA4A200D82383 /* SceneDelegate.m */,
				2C0398F1246AA4A200D82383 /* ViewController.h */,
				2C0398F2246AA4A200D82383 /* ViewController.m */,
				2C0398F4246AA4A200D82383 /* Main.storyboard */,
				2C0398F7246AA4A400D82383 /* Assets.xcassets */,
				2C0398F9246AA4A400D82383 /* LaunchScreen.storyboard */,
				2C0398FC246AA4A400D82383 /* Info.plist */,
				2C0398FD246AA4A400D82383 /* main.m */,
			);
			path = QuPaiTest;
			sourceTree = "<group>";
		};
		2C039906246AA4A400D82383 /* QuPaiTestTests */ = {
			isa = PBXGroup;
			children = (
				2C039907246AA4A400D82383 /* QuPaiTestTests.m */,
				2C039909246AA4A400D82383 /* Info.plist */,
			);
			path = QuPaiTestTests;
			sourceTree = "<group>";
		};
		2C039911246AA4A400D82383 /* QuPaiTestUITests */ = {
			isa = PBXGroup;
			children = (
				2C039912246AA4A400D82383 /* QuPaiTestUITests.m */,
				2C039914246AA4A400D82383 /* Info.plist */,
			);
			path = QuPaiTestUITests;
			sourceTree = "<group>";
		};
		392A6A8D961047C562F1F8A1 /* Pods */ = {
			isa = PBXGroup;
			children = (
				47AEE2DEA0DDC5660E2A32C3 /* Pods-QuPaiTest.debug.xcconfig */,
				1C44E59C02C12BC2176B1142 /* Pods-QuPaiTest.release.xcconfig */,
			);
			path = Pods;
			sourceTree = "<group>";
		};
		C217CDF75138BD907517346B /* Frameworks */ = {
			isa = PBXGroup;
			children = (
				69F4341CF2AD620B5F1B03DD /* Pods_QuPaiTest.framework */,
			);
			name = Frameworks;
			sourceTree = "<group>";
		};
/* End PBXGroup section */

/* Begin PBXNativeTarget section */
		2C0398E7246AA4A100D82383 /* QuPaiTest */ = {
			isa = PBXNativeTarget;
			buildConfigurationList = 2C039917246AA4A400D82383 /* Build configuration list for PBXNativeTarget "QuPaiTest" */;
			buildPhases = (
				27183E807C83FD19AE800D0C /* [CP] Check Pods Manifest.lock */,
				2C0398E4246AA4A100D82383 /* Sources */,
				2C0398E5246AA4A100D82383 /* Frameworks */,
				2C0398E6246AA4A100D82383 /* Resources */,
				B92B4637E826FFB559E99EBF /* [CP] Embed Pods Frameworks */,
			);
			buildRules = (
			);
			dependencies = (
			);
			name = QuPaiTest;
			productName = QuPaiTest;
			productReference = 2C0398E8246AA4A200D82383 /* QuPaiTest.app */;
			productType = "com.apple.product-type.application";
		};
		2C039902246AA4A400D82383 /* QuPaiTestTests */ = {
			isa = PBXNativeTarget;
			buildConfigurationList = 2C03991A246AA4A400D82383 /* Build configuration list for PBXNativeTarget "QuPaiTestTests" */;
			buildPhases = (
				2C0398FF246AA4A400D82383 /* Sources */,
				2C039900246AA4A400D82383 /* Frameworks */,
				2C039901246AA4A400D82383 /* Resources */,
			);
			buildRules = (
			);
			dependencies = (
				2C039905246AA4A400D82383 /* PBXTargetDependency */,
			);
			name = QuPaiTestTests;
			productName = QuPaiTestTests;
			productReference = 2C039903246AA4A400D82383 /* QuPaiTestTests.xctest */;
			productType = "com.apple.product-type.bundle.unit-test";
		};
		2C03990D246AA4A400D82383 /* QuPaiTestUITests */ = {
			isa = PBXNativeTarget;
			buildConfigurationList = 2C03991D246AA4A400D82383 /* Build configuration list for PBXNativeTarget "QuPaiTestUITests" */;
			buildPhases = (
				2C03990A246AA4A400D82383 /* Sources */,
				2C03990B246AA4A400D82383 /* Frameworks */,
				2C03990C246AA4A400D82383 /* Resources */,
			);
			buildRules = (
			);
			dependencies = (
				2C039910246AA4A400D82383 /* PBXTargetDependency */,
			);
			name = QuPaiTestUITests;
			productName = QuPaiTestUITests;
			productReference = 2C03990E246AA4A400D82383 /* QuPaiTestUITests.xctest */;
			productType = "com.apple.product-type.bundle.ui-testing";
		};
/* End PBXNativeTarget section */

/* Begin PBXProject section */
		2C0398E0246AA4A100D82383 /* Project object */ = {
			isa = PBXProject;
			attributes = {
				LastUpgradeCheck = 1140;
				ORGANIZATIONNAME = SeanOrganization;
				TargetAttributes = {
					2C0398E7246AA4A100D82383 = {
						CreatedOnToolsVersion = 11.4.1;
					};
					2C039902246AA4A400D82383 = {
						CreatedOnToolsVersion = 11.4.1;
						TestTargetID = 2C0398E7246AA4A100D82383;
					};
					2C03990D246AA4A400D82383 = {
						CreatedOnToolsVersion = 11.4.1;
						TestTargetID = 2C0398E7246AA4A100D82383;
					};
				};
			};
			buildConfigurationList = 2C0398E3246AA4A100D82383 /* Build configuration list for PBXProject "QuPaiTest" */;
			compatibilityVersion = "Xcode 9.3";
			developmentRegion = en;
			hasScannedForEncodings = 0;
			knownRegions = (
				en,
				Base,
			);
			mainGroup = 2C0398DF246AA4A100D82383;
			productRefGroup = 2C0398E9246AA4A200D82383 /* Products */;
			projectDirPath = "";
			projectRoot = "";
			targets = (
				2C0398E7246AA4A100D82383 /* QuPaiTest */,
				2C039902246AA4A400D82383 /* QuPaiTestTests */,
				2C03990D246AA4A400D82383 /* QuPaiTestUITests */,
			);
		};
/* End PBXProject section */

/* Begin PBXResourcesBuildPhase section */
		2C0398E6246AA4A100D82383 /* Resources */ = {
			isa = PBXResourcesBuildPhase;
			buildActionMask = 2147483647;
			files = (
				2C0398FB246AA4A400D82383 /* LaunchScreen.storyboard in Resources */,
				2C0398F8246AA4A400D82383 /* Assets.xcassets in Resources */,
				2C0398F6246AA4A200D82383 /* Main.storyboard in Resources */,
			);
			runOnlyForDeploymentPostprocessing = 0;
		};
		2C039901246AA4A400D82383 /* Resources */ = {
			isa = PBXResourcesBuildPhase;
			buildActionMask = 2147483647;
			files = (
			);
			runOnlyForDeploymentPostprocessing = 0;
		};
		2C03990C246AA4A400D82383 /* Resources */ = {
			isa = PBXResourcesBuildPhase;
			buildActionMask = 2147483647;
			files = (
			);
			runOnlyForDeploymentPostprocessing = 0;
		};
/* End PBXResourcesBuildPhase section */

/* Begin PBXShellScriptBuildPhase section */
		27183E807C83FD19AE800D0C /* [CP] Check Pods Manifest.lock */ = {
			isa = PBXShellScriptBuildPhase;
			buildActionMask = 2147483647;
			files = (
			);
			inputFileListPaths = (
			);
			inputPaths = (
				"${PODS_PODFILE_DIR_PATH}/Podfile.lock",
				"${PODS_ROOT}/Manifest.lock",
			);
			name = "[CP] Check Pods Manifest.lock";
			outputFileListPaths = (
			);
			outputPaths = (
				"$(DERIVED_FILE_DIR)/Pods-QuPaiTest-checkManifestLockResult.txt",
			);
			runOnlyForDeploymentPostprocessing = 0;
			shellPath = /bin/sh;
			shellScript = "diff \"${PODS_PODFILE_DIR_PATH}/Podfile.lock\" \"${PODS_ROOT}/Manifest.lock\" > /dev/null\nif [ $? != 0 ] ; then\n    # print error to STDERR\n    echo \"error: The sandbox is not in sync with the Podfile.lock. Run 'pod install' or update your CocoaPods installation.\" >&2\n    exit 1\nfi\n# This output is used by Xcode 'outputs' to avoid re-running this script phase.\necho \"SUCCESS\" > \"${SCRIPT_OUTPUT_FILE_0}\"\n";
			showEnvVarsInLog = 0;
		};
		B92B4637E826FFB559E99EBF /* [CP] Embed Pods Frameworks */ = {
			isa = PBXShellScriptBuildPhase;
			buildActionMask = 2147483647;
			files = (
			);
			inputFileListPaths = (
				"${PODS_ROOT}/Target Support Files/Pods-QuPaiTest/Pods-QuPaiTest-frameworks-${CONFIGURATION}-input-files.xcfilelist",
			);
			name = "[CP] Embed Pods Frameworks";
			outputFileListPaths = (
				"${PODS_ROOT}/Target Support Files/Pods-QuPaiTest/Pods-QuPaiTest-frameworks-${CONFIGURATION}-output-files.xcfilelist",
			);
			runOnlyForDeploymentPostprocessing = 0;
			shellPath = /bin/sh;
			shellScript = "\"${PODS_ROOT}/Target Support Files/Pods-QuPaiTest/Pods-QuPaiTest-frameworks.sh\"\n";
			showEnvVarsInLog = 0;
		};
/* End PBXShellScriptBuildPhase section */

/* Begin PBXSourcesBuildPhase section */
		2C0398E4246AA4A100D82383 /* Sources */ = {
			isa = PBXSourcesBuildPhase;
			buildActionMask = 2147483647;
			files = (
				2C0398F3246AA4A200D82383 /* ViewController.m in Sources */,
				2C0398ED246AA4A200D82383 /* AppDelegate.m in Sources */,
				2C0398FE246AA4A400D82383 /* main.m in Sources */,
				2C0398F0246AA4A200D82383 /* SceneDelegate.m in Sources */,
			);
			runOnlyForDeploymentPostprocessing = 0;
		};
		2C0398FF246AA4A400D82383 /* Sources */ = {
			isa = PBXSourcesBuildPhase;
			buildActionMask = 2147483647;
			files = (
				2C039908246AA4A400D82383 /* QuPaiTestTests.m in Sources */,
			);
			runOnlyForDeploymentPostprocessing = 0;
		};
		2C03990A246AA4A400D82383 /* Sources */ = {
			isa = PBXSourcesBuildPhase;
			buildActionMask = 2147483647;
			files = (
				2C039913246AA4A400D82383 /* QuPaiTestUITests.m in Sources */,
			);
			runOnlyForDeploymentPostprocessing = 0;
		};
/* End PBXSourcesBuildPhase section */

/* Begin PBXTargetDependency section */
		2C039905246AA4A400D82383 /* PBXTargetDependency */ = {
			isa = PBXTargetDependency;
			target = 2C0398E7246AA4A100D82383 /* QuPaiTest */;
			targetProxy = 2C039904246AA4A400D82383 /* PBXContainerItemProxy */;
		};
		2C039910246AA4A400D82383 /* PBXTargetDependency */ = {
			isa = PBXTargetDependency;
			target = 2C0398E7246AA4A100D82383 /* QuPaiTest */;
			targetProxy = 2C03990F246AA4A400D82383 /* PBXContainerItemProxy */;
		};
/* End PBXTargetDependency section */

/* Begin PBXVariantGroup section */
		2C0398F4246AA4A200D82383 /* Main.storyboard */ = {
			isa = PBXVariantGroup;
			children = (
				2C0398F5246AA4A200D82383 /* Base */,
			);
			name = Main.storyboard;
			sourceTree = "<group>";
		};
		2C0398F9246AA4A400D82383 /* LaunchScreen.storyboard */ = {
			isa = PBXVariantGroup;
			children = (
				2C0398FA246AA4A400D82383 /* Base */,
			);
			name = LaunchScreen.storyboard;
			sourceTree = "<group>";
		};
/* End PBXVariantGroup section */

/* Begin XCBuildConfiguration section */
		2C039915246AA4A400D82383 /* Debug */ = {
			isa = XCBuildConfiguration;
			buildSettings = {
				ALWAYS_SEARCH_USER_PATHS = NO;
				CLANG_ANALYZER_NONNULL = YES;
				CLANG_ANALYZER_NUMBER_OBJECT_CONVERSION = YES_AGGRESSIVE;
				CLANG_CXX_LANGUAGE_STANDARD = "gnu++14";
				CLANG_CXX_LIBRARY = "libc++";
				CLANG_ENABLE_MODULES = YES;
				CLANG_ENABLE_OBJC_ARC = YES;
				CLANG_ENABLE_OBJC_WEAK = YES;
				CLANG_WARN_BLOCK_CAPTURE_AUTORELEASING = YES;
				CLANG_WARN_BOOL_CONVERSION = YES;
				CLANG_WARN_COMMA = YES;
				CLANG_WARN_CONSTANT_CONVERSION = YES;
				CLANG_WARN_DEPRECATED_OBJC_IMPLEMENTATIONS = YES;
				CLANG_WARN_DIRECT_OBJC_ISA_USAGE = YES_ERROR;
				CLANG_WARN_DOCUMENTATION_COMMENTS = YES;
				CLANG_WARN_EMPTY_BODY = YES;
				CLANG_WARN_ENUM_CONVERSION = YES;
				CLANG_WARN_INFINITE_RECURSION = YES;
				CLANG_WARN_INT_CONVERSION = YES;
				CLANG_WARN_NON_LITERAL_NULL_CONVERSION = YES;
				CLANG_WARN_OBJC_IMPLICIT_RETAIN_SELF = YES;
				CLANG_WARN_OBJC_LITERAL_CONVERSION = YES;
				CLANG_WARN_OBJC_ROOT_CLASS = YES_ERROR;
				CLANG_WARN_RANGE_LOOP_ANALYSIS = YES;
				CLANG_WARN_STRICT_PROTOTYPES = YES;
				CLANG_WARN_SUSPICIOUS_MOVE = YES;
				CLANG_WARN_UNGUARDED_AVAILABILITY = YES_AGGRESSIVE;
				CLANG_WARN_UNREACHABLE_CODE = YES;
				CLANG_WARN__DUPLICATE_METHOD_MATCH = YES;
				COPY_PHASE_STRIP = NO;
				DEBUG_INFORMATION_FORMAT = dwarf;
				ENABLE_STRICT_OBJC_MSGSEND = YES;
				ENABLE_TESTABILITY = YES;
				GCC_C_LANGUAGE_STANDARD = gnu11;
				GCC_DYNAMIC_NO_PIC = NO;
				GCC_NO_COMMON_BLOCKS = YES;
				GCC_OPTIMIZATION_LEVEL = 0;
				GCC_PREPROCESSOR_DEFINITIONS = (
					"DEBUG=1",
					"$(inherited)",
				);
				GCC_WARN_64_TO_32_BIT_CONVERSION = YES;
				GCC_WARN_ABOUT_RETURN_TYPE = YES_ERROR;
				GCC_WARN_UNDECLARED_SELECTOR = YES;
				GCC_WARN_UNINITIALIZED_AUTOS = YES_AGGRESSIVE;
				GCC_WARN_UNUSED_FUNCTION = YES;
				GCC_WARN_UNUSED_VARIABLE = YES;
				IPHONEOS_DEPLOYMENT_TARGET = 13.4;
				MTL_ENABLE_DEBUG_INFO = INCLUDE_SOURCE;
				MTL_FAST_MATH = YES;
				ONLY_ACTIVE_ARCH = YES;
				SDKROOT = iphoneos;
			};
			name = Debug;
		};
		2C039916246AA4A400D82383 /* Release */ = {
			isa = XCBuildConfiguration;
			buildSettings = {
				ALWAYS_SEARCH_USER_PATHS = NO;
				CLANG_ANALYZER_NONNULL = YES;
				CLANG_ANALYZER_NUMBER_OBJECT_CONVERSION = YES_AGGRESSIVE;
				CLANG_CXX_LANGUAGE_STANDARD = "gnu++14";
				CLANG_CXX_LIBRARY = "libc++";
				CLANG_ENABLE_MODULES = YES;
				CLANG_ENABLE_OBJC_ARC = YES;
				CLANG_ENABLE_OBJC_WEAK = YES;
				CLANG_WARN_BLOCK_CAPTURE_AUTORELEASING = YES;
				CLANG_WARN_BOOL_CONVERSION = YES;
				CLANG_WARN_COMMA = YES;
				CLANG_WARN_CONSTANT_CONVERSION = YES;
				CLANG_WARN_DEPRECATED_OBJC_IMPLEMENTATIONS = YES;
				CLANG_WARN_DIRECT_OBJC_ISA_USAGE = YES_ERROR;
				CLANG_WARN_DOCUMENTATION_COMMENTS = YES;
				CLANG_WARN_EMPTY_BODY = YES;
				CLANG_WARN_ENUM_CONVERSION = YES;
				CLANG_WARN_INFINITE_RECURSION = YES;
				CLANG_WARN_INT_CONVERSION = YES;
				CLANG_WARN_NON_LITERAL_NULL_CONVERSION = YES;
				CLANG_WARN_OBJC_IMPLICIT_RETAIN_SELF = YES;
				CLANG_WARN_OBJC_LITERAL_CONVERSION = YES;
				CLANG_WARN_OBJC_ROOT_CLASS = YES_ERROR;
				CLANG_WARN_RANGE_LOOP_ANALYSIS = YES;
				CLANG_WARN_STRICT_PROTOTYPES = YES;
				CLANG_WARN_SUSPICIOUS_MOVE = YES;
				CLANG_WARN_UNGUARDED_AVAILABILITY = YES_AGGRESSIVE;
				CLANG_WARN_UNREACHABLE_CODE = YES;
				CLANG_WARN__DUPLICATE_METHOD_MATCH = YES;
				COPY_PHASE_STRIP = NO;
				DEBUG_INFORMATION_FORMAT = "dwarf-with-dsym";
				ENABLE_NS_ASSERTIONS = NO;
				ENABLE_STRICT_OBJC_MSGSEND = YES;
				GCC_C_LANGUAGE_STANDARD = gnu11;
				GCC_NO_COMMON_BLOCKS = YES;
				GCC_WARN_64_TO_32_BIT_CONVERSION = YES;
				GCC_WARN_ABOUT_RETURN_TYPE = YES_ERROR;
				GCC_WARN_UNDECLARED_SELECTOR = YES;
				GCC_WARN_UNINITIALIZED_AUTOS = YES_AGGRESSIVE;
				GCC_WARN_UNUSED_FUNCTION = YES;
				GCC_WARN_UNUSED_VARIABLE = YES;
				IPHONEOS_DEPLOYMENT_TARGET = 13.4;
				MTL_ENABLE_DEBUG_INFO = NO;
				MTL_FAST_MATH = YES;
				SDKROOT = iphoneos;
				VALIDATE_PRODUCT = YES;
			};
			name = Release;
		};
		2C039918246AA4A400D82383 /* Debug */ = {
			isa = XCBuildConfiguration;
			baseConfigurationReference = 47AEE2DEA0DDC5660E2A32C3 /* Pods-QuPaiTest.debug.xcconfig */;
			buildSettings = {
				ASSETCATALOG_COMPILER_APPICON_NAME = AppIcon;
				CODE_SIGN_STYLE = Automatic;
				DEVELOPMENT_TEAM = 725J4L92JQ;
				ENABLE_BITCODE = NO;
				INFOPLIST_FILE = QuPaiTest/Info.plist;
				IPHONEOS_DEPLOYMENT_TARGET = 10.0;
				LD_RUNPATH_SEARCH_PATHS = (
					"$(inherited)",
					"@executable_path/Frameworks",
				);
				PRODUCT_BUNDLE_IDENTIFIER = SeanTechnology.QuPaiTest;
				PRODUCT_NAME = "$(TARGET_NAME)";
				TARGETED_DEVICE_FAMILY = "1,2";
			};
			name = Debug;
		};
		2C039919246AA4A400D82383 /* Release */ = {
			isa = XCBuildConfiguration;
			baseConfigurationReference = 1C44E59C02C12BC2176B1142 /* Pods-QuPaiTest.release.xcconfig */;
			buildSettings = {
				ASSETCATALOG_COMPILER_APPICON_NAME = AppIcon;
				CODE_SIGN_STYLE = Automatic;
				DEVELOPMENT_TEAM = 725J4L92JQ;
				ENABLE_BITCODE = NO;
				INFOPLIST_FILE = QuPaiTest/Info.plist;
				IPHONEOS_DEPLOYMENT_TARGET = 10.0;
				LD_RUNPATH_SEARCH_PATHS = (
					"$(inherited)",
					"@executable_path/Frameworks",
				);
				PRODUCT_BUNDLE_IDENTIFIER = SeanTechnology.QuPaiTest;
				PRODUCT_NAME = "$(TARGET_NAME)";
				TARGETED_DEVICE_FAMILY = "1,2";
			};
			name = Release;
		};
		2C03991B246AA4A400D82383 /* Debug */ = {
			isa = XCBuildConfiguration;
			buildSettings = {
				BUNDLE_LOADER = "$(TEST_HOST)";
				CODE_SIGN_STYLE = Automatic;
				DEVELOPMENT_TEAM = 725J4L92JQ;
				INFOPLIST_FILE = QuPaiTestTests/Info.plist;
				IPHONEOS_DEPLOYMENT_TARGET = 13.4;
				LD_RUNPATH_SEARCH_PATHS = (
					"$(inherited)",
					"@executable_path/Frameworks",
					"@loader_path/Frameworks",
				);
				PRODUCT_BUNDLE_IDENTIFIER = SeanTechnology.QuPaiTestTests;
				PRODUCT_NAME = "$(TARGET_NAME)";
				TARGETED_DEVICE_FAMILY = "1,2";
				TEST_HOST = "$(BUILT_PRODUCTS_DIR)/QuPaiTest.app/QuPaiTest";
			};
			name = Debug;
		};
		2C03991C246AA4A400D82383 /* Release */ = {
			isa = XCBuildConfiguration;
			buildSettings = {
				BUNDLE_LOADER = "$(TEST_HOST)";
				CODE_SIGN_STYLE = Automatic;
				DEVELOPMENT_TEAM = 725J4L92JQ;
				INFOPLIST_FILE = QuPaiTestTests/Info.plist;
				IPHONEOS_DEPLOYMENT_TARGET = 13.4;
				LD_RUNPATH_SEARCH_PATHS = (
					"$(inherited)",
					"@executable_path/Frameworks",
					"@loader_path/Frameworks",
				);
				PRODUCT_BUNDLE_IDENTIFIER = SeanTechnology.QuPaiTestTests;
				PRODUCT_NAME = "$(TARGET_NAME)";
				TARGETED_DEVICE_FAMILY = "1,2";
				TEST_HOST = "$(BUILT_PRODUCTS_DIR)/QuPaiTest.app/QuPaiTest";
			};
			name = Release;
		};
		2C03991E246AA4A400D82383 /* Debug */ = {
			isa = XCBuildConfiguration;
			buildSettings = {
				CODE_SIGN_STYLE = Automatic;
				DEVELOPMENT_TEAM = 725J4L92JQ;
				INFOPLIST_FILE = QuPaiTestUITests/Info.plist;
				LD_RUNPATH_SEARCH_PATHS = (
					"$(inherited)",
					"@executable_path/Frameworks",
					"@loader_path/Frameworks",
				);
				PRODUCT_BUNDLE_IDENTIFIER = SeanTechnology.QuPaiTestUITests;
				PRODUCT_NAME = "$(TARGET_NAME)";
				TARGETED_DEVICE_FAMILY = "1,2";
				TEST_TARGET_NAME = QuPaiTest;
			};
			name = Debug;
		};
		2C03991F246AA4A400D82383 /* Release */ = {
			isa = XCBuildConfiguration;
			buildSettings = {
				CODE_SIGN_STYLE = Automatic;
				DEVELOPMENT_TEAM = 725J4L92JQ;
				INFOPLIST_FILE = QuPaiTestUITests/Info.plist;
				LD_RUNPATH_SEARCH_PATHS = (
					"$(inherited)",
					"@executable_path/Frameworks",
					"@loader_path/Frameworks",
				);
				PRODUCT_BUNDLE_IDENTIFIER = SeanTechnology.QuPaiTestUITests;
				PRODUCT_NAME = "$(TARGET_NAME)";
				TARGETED_DEVICE_FAMILY = "1,2";
				TEST_TARGET_NAME = QuPaiTest;
			};
			name = Release;
		};
/* End XCBuildConfiguration section */

/* Begin XCConfigurationList section */
		2C0398E3246AA4A100D82383 /* Build configuration list for PBXProject "QuPaiTest" */ = {
			isa = XCConfigurationList;
			buildConfigurations = (
				2C039915246AA4A400D82383 /* Debug */,
				2C039916246AA4A400D82383 /* Release */,
			);
			defaultConfigurationIsVisible = 0;
			defaultConfigurationName = Release;
		};
		2C039917246AA4A400D82383 /* Build configuration list for PBXNativeTarget "QuPaiTest" */ = {
			isa = XCConfigurationList;
			buildConfigurations = (
				2C039918246AA4A400D82383 /* Debug */,
				2C039919246AA4A400D82383 /* Release */,
			);
			defaultConfigurationIsVisible = 0;
			defaultConfigurationName = Release;
		};
		2C03991A246AA4A400D82383 /* Build configuration list for PBXNativeTarget "QuPaiTestTests" */ = {
			isa = XCConfigurationList;
			buildConfigurations = (
				2C03991B246AA4A400D82383 /* Debug */,
				2C03991C246AA4A400D82383 /* Release */,
			);
			defaultConfigurationIsVisible = 0;
			defaultConfigurationName = Release;
		};
		2C03991D246AA4A400D82383 /* Build configuration list for PBXNativeTarget "QuPaiTestUITests" */ = {
			isa = XCConfigurationList;
			buildConfigurations = (
				2C03991E246AA4A400D82383 /* Debug */,
				2C03991F246AA4A400D82383 /* Release */,
			);
			defaultConfigurationIsVisible = 0;
			defaultConfigurationName = Release;
		};
/* End XCConfigurationList section */
	};
	rootObject = 2C0398E0246AA4A100D82383 /* Project object */;
}
